{
    "_readme": [
        "This file locks the dependencies of your project to a known state",
        "Read more about it at https://getcomposer.org/doc/01-basic-usage.md#installing-dependencies",
        "This file is @generated automatically"
    ],
    "content-hash": "2c95fddd366b20e58aad9b8066138ab0",
    "packages": [
        {
            "name": "components/font-awesome",
            "version": "5.15.4",
            "source": {
                "type": "git",
                "url": "https://github.com/components/font-awesome.git",
                "reference": "e6fd09f30f578915cc0cf186b0dd0da54385b6be"
            },
            "dist": {
                "type": "zip",
                "url": "https://api.github.com/repos/components/font-awesome/zipball/e6fd09f30f578915cc0cf186b0dd0da54385b6be",
                "reference": "e6fd09f30f578915cc0cf186b0dd0da54385b6be",
                "shasum": ""
            },
            "type": "component",
            "extra": {
                "component": {
                    "styles": [
                        "css/all.css"
                    ],
                    "files": [
                        "css/all.min.css",
                        "webfonts/*"
                    ]
                }
            },
            "notification-url": "https://packagist.org/downloads/",
            "license": [
                "CC-BY-4.0",
                "MIT",
                "OFL-1.1"
            ],
            "description": "Font Awesome, the iconic SVG, font, and CSS framework.",
            "support": {
                "issues": "https://github.com/components/font-awesome/issues",
                "source": "https://github.com/components/font-awesome/tree/5.15.4"
            },
            "time": "2021-08-15T10:31:24+00:00"
        },
        {
            "name": "components/jquery",
            "version": "3.5.1",
            "source": {
                "type": "git",
                "url": "https://github.com/components/jquery.git",
                "reference": "b33e8f0f9a1cb2ae390cf05d766a900b53d2125b"
            },
            "dist": {
                "type": "zip",
                "url": "https://api.github.com/repos/components/jquery/zipball/b33e8f0f9a1cb2ae390cf05d766a900b53d2125b",
                "reference": "b33e8f0f9a1cb2ae390cf05d766a900b53d2125b",
                "shasum": ""
            },
            "type": "component",
            "extra": {
                "component": {
                    "scripts": [
                        "jquery.js"
                    ],
                    "files": [
                        "jquery.min.js",
                        "jquery.min.map",
                        "jquery.slim.js",
                        "jquery.slim.min.js",
                        "jquery.slim.min.map"
                    ]
                }
            },
            "notification-url": "https://packagist.org/downloads/",
            "license": [
                "MIT"
            ],
            "authors": [
                {
                    "name": "JS Foundation and other contributors"
                }
            ],
            "description": "jQuery JavaScript Library",
            "homepage": "http://jquery.com",
            "support": {
                "forum": "http://forum.jquery.com",
                "irc": "irc://irc.freenode.org/jquery",
                "issues": "https://github.com/jquery/jquery/issues",
                "source": "https://github.com/jquery/jquery",
                "wiki": "http://docs.jquery.com/"
            },
            "time": "2020-05-05T13:21:02+00:00"
        },
        {
            "name": "contao-components/installer",
            "version": "1.4.1",
            "source": {
                "type": "git",
                "url": "https://github.com/contao-components/installer.git",
                "reference": "eb0c34f0f61a3338dd985a55bd865483e78c3bb7"
            },
            "dist": {
                "type": "zip",
                "url": "https://api.github.com/repos/contao-components/installer/zipball/eb0c34f0f61a3338dd985a55bd865483e78c3bb7",
                "reference": "eb0c34f0f61a3338dd985a55bd865483e78c3bb7",
                "shasum": ""
            },
            "require": {
                "composer-plugin-api": "^1.0 || ^2.0",
                "php": ">=5.6"
            },
            "require-dev": {
                "composer/composer": "^1.0 || ^2.0",
                "phpunit/phpunit": "^5.7.26"
            },
            "type": "composer-plugin",
            "extra": {
                "class": "Contao\\ComponentsInstaller\\Composer\\Plugin"
            },
            "autoload": {
                "psr-4": {
                    "Contao\\ComponentsInstaller\\": "src/"
                }
            },
            "notification-url": "https://packagist.org/downloads/",
            "license": [
                "LGPL-3.0-or-later"
            ],
            "authors": [
                {
                    "name": "Leo Feyer",
                    "homepage": "https://github.com/leofeyer"
                }
            ],
            "description": "Contao components installer",
            "support": {
                "issues": "https://github.com/contao-components/installer/issues",
                "source": "https://github.com/contao-components/installer/tree/1.4.1"
            },
            "time": "2020-12-23T10:51:52+00:00"
        },
        {
            "name": "heimrichhannot/popper.js",
            "version": "v1.12.6",
            "source": {
                "type": "git",
                "url": "https://github.com/heimrichhannot/popper.js.git",
                "reference": "d2df487bdb16196e538a8cbfb05d396dbfc3f73f"
            },
            "dist": {
                "type": "zip",
                "url": "https://api.github.com/repos/heimrichhannot/popper.js/zipball/d2df487bdb16196e538a8cbfb05d396dbfc3f73f",
                "reference": "d2df487bdb16196e538a8cbfb05d396dbfc3f73f",
                "shasum": ""
            },
            "require": {
                "contao-components/installer": "^1.0.9"
            },
            "type": "contao-component",
            "extra": {
                "component": {
                    "scripts": [
                        "dist/*.js"
                    ],
                    "files": [
                        "dist/*.js",
                        "dist/*.map"
                    ],
                    "shim": {
                        "deps": [
                            "jquery"
                        ]
                    }
                }
            },
            "notification-url": "https://packagist.org/downloads/",
            "license": [
                "MIT"
            ],
            "authors": [
                {
                    "name": "FezVrasta"
                }
            ],
            "description": "A kickass library to manage your poppers",
            "homepage": "https://popper.js.org",
            "keywords": [
                "css",
                "framework",
                "front-end",
                "less",
                "mobile-first",
                "responsive",
                "web"
            ],
            "support": {
                "issues": "https://github.com/heimrichhannot/popper.js/issues",
                "source": "https://github.com/heimrichhannot/popper.js/tree/master"
            },
            "abandoned": true,
            "time": "2017-10-27T08:36:04+00:00"
        },
        {
            "name": "smarty/smarty",
            "version": "v3.1.39",
            "source": {
                "type": "git",
                "url": "https://github.com/smarty-php/smarty.git",
                "reference": "e27da524f7bcd7361e3ea5cdfa99c4378a7b5419"
            },
            "dist": {
                "type": "zip",
                "url": "https://api.github.com/repos/smarty-php/smarty/zipball/e27da524f7bcd7361e3ea5cdfa99c4378a7b5419",
                "reference": "e27da524f7bcd7361e3ea5cdfa99c4378a7b5419",
                "shasum": ""
            },
            "require": {
                "php": ">=5.2"
            },
            "require-dev": {
                "phpunit/phpunit": "^7.5 || ^6.5 || ^5.7 || ^4.8",
                "smarty/smarty-lexer": "^3.1"
            },
            "type": "library",
            "extra": {
                "branch-alias": {
                    "dev-master": "3.1.x-dev"
                }
            },
            "autoload": {
                "classmap": [
                    "libs/"
                ]
            },
            "notification-url": "https://packagist.org/downloads/",
            "license": [
                "LGPL-3.0"
            ],
            "authors": [
                {
                    "name": "Monte Ohrt",
                    "email": "monte@ohrt.com"
                },
                {
                    "name": "Uwe Tews",
                    "email": "uwe.tews@googlemail.com"
                },
                {
                    "name": "Rodney Rehm",
                    "email": "rodney.rehm@medialize.de"
                }
            ],
            "description": "Smarty - the compiling PHP template engine",
            "homepage": "http://www.smarty.net",
            "keywords": [
                "templating"
            ],
            "support": {
                "forum": "http://www.smarty.net/forums/",
                "irc": "irc://irc.freenode.org/smarty",
                "issues": "https://github.com/smarty-php/smarty/issues",
                "source": "https://github.com/smarty-php/smarty/tree/v3.1.39"
            },
            "time": "2021-02-17T21:57:51+00:00"
        },
        {
            "name": "twbs/bootstrap",
            "version": "v4.6.0",
            "source": {
                "type": "git",
                "url": "https://github.com/twbs/bootstrap.git",
                "reference": "6ffb0b48e455430f8a5359ed689ad64c1143fac2"
            },
            "dist": {
                "type": "zip",
                "url": "https://api.github.com/repos/twbs/bootstrap/zipball/6ffb0b48e455430f8a5359ed689ad64c1143fac2",
                "reference": "6ffb0b48e455430f8a5359ed689ad64c1143fac2",
                "shasum": ""
            },
            "replace": {
                "twitter/bootstrap": "self.version"
            },
            "type": "library",
            "extra": {
                "branch-alias": {
                    "dev-master": "3.3.x-dev"
                }
            },
            "notification-url": "https://packagist.org/downloads/",
            "license": [
                "MIT"
            ],
            "authors": [
                {
                    "name": "Mark Otto",
                    "email": "markdotto@gmail.com"
                },
                {
                    "name": "Jacob Thornton",
                    "email": "jacobthornton@gmail.com"
                }
            ],
            "description": "The most popular front-end framework for developing responsive, mobile first projects on the web.",
            "homepage": "https://getbootstrap.com/",
            "keywords": [
                "JS",
                "css",
                "framework",
                "front-end",
                "mobile-first",
                "responsive",
                "sass",
                "web"
            ],
            "support": {
                "issues": "https://github.com/twbs/bootstrap/issues",
                "source": "https://github.com/twbs/bootstrap/tree/v4.6.0"
            },
            "funding": [
                {
                    "url": "https://opencollective.com/bootstrap",
                    "type": "open_collective"
                }
            ],
            "time": "2021-01-19T16:16:38+00:00"
        }
    ],
    "packages-dev": [],
    "aliases": [],
    "minimum-stability": "stable",
    "stability-flags": [],
    "prefer-stable": false,
    "prefer-lowest": false,
    "platform": [],
    "platform-dev": [],
    "plugin-api-version": "2.1.0"
}
